
Microsoft Visual Studio Solution File, Format Version 12.00
# Visual Studio Version 17
VisualStudioVersion = 17.9.34902.65
MinimumVisualStudioVersion = 10.0.40219.1
Project("{FAE04EC0-301F-11D3-BF4B-00C04F79EFBC}") = "AcademicAssistant", "AcademicAssistant.csproj", "{315A4072-C587-4F90-802D-FB015C9262D8}"
EndProject
Global
	GlobalSection(SolutionConfigurationPlatforms) = preSolution
		Debug|Any CPU = Debug|Any CPU
		Release|Any CPU = Release|Any CPU
	EndGlobalSection
	GlobalSection(ProjectConfigurationPlatforms) = postSolution
		{315A4072-C587-4F90-802D-FB015C9262D8}.Debug|Any CPU.ActiveCfg = Debug|Any CPU
		{315A4072-C587-4F90-802D-FB015C9262D8}.Debug|Any CPU.Build.0 = Debug|Any CPU
		{315A4072-C587-4F90-802D-FB015C9262D8}.Release|Any CPU.ActiveCfg = Release|Any CPU
		{315A4072-C587-4F90-802D-FB015C9262D8}.Release|Any CPU.Build.0 = Release|Any CPU
	EndGlobalSection
	GlobalSection(SolutionProperties) = preSolution
		HideSolutionNode = FALSE
	EndGlobalSection
	GlobalSection(ExtensibilityGlobals) = postSolution
		SolutionGuid = {F97B62BC-62D9-4242-AE72-2F44FE2D9637}
	EndGlobalSection
EndGlobal
